
Microsoft Visual Studio Solution File, Format Version 12.00
# Visual Studio 15
VisualStudioVersion = 15.0.27703.2042
MinimumVisualStudioVersion = 10.0.40219.1
Project("{FAE04EC0-301F-11D3-BF4B-00C04F79EFBC}") = "StardewValley_SaveBackup", "StardewValley_SaveBackup\StardewValley_SaveBackup.csproj", "{8B11F26B-86CD-4918-89C6-0355C8D28E01}"
EndProject
Global
	GlobalSection(SolutionConfigurationPlatforms) = preSolution
		Debug|Any CPU = Debug|Any CPU
		Release|Any CPU = Release|Any CPU
	EndGlobalSection
	GlobalSection(ProjectConfigurationPlatforms) = postSolution
		{8B11F26B-86CD-4918-89C6-0355C8D28E01}.Debug|Any CPU.ActiveCfg = Debug|Any CPU
		{8B11F26B-86CD-4918-89C6-0355C8D28E01}.Debug|Any CPU.Build.0 = Debug|Any CPU
		{8B11F26B-86CD-4918-89C6-0355C8D28E01}.Release|Any CPU.ActiveCfg = Release|Any CPU
		{8B11F26B-86CD-4918-89C6-0355C8D28E01}.Release|Any CPU.Build.0 = Release|Any CPU
	EndGlobalSection
	GlobalSection(SolutionProperties) = preSolution
		HideSolutionNode = FALSE
	EndGlobalSection
	GlobalSection(ExtensibilityGlobals) = postSolution
		SolutionGuid = {0FD855C4-24CD-4BB6-8C2D-A5A82C8D9462}
	EndGlobalSection
EndGlobal
